
Microsoft Visual Studio Solution File, Format Version 11.00
# Visual Studio 2010
Project("{FAE04EC0-301F-11D3-BF4B-00C04F79EFBC}") = "Restricted Area", "Assembly-CSharp-firstpass.csproj", "{3519544F-FC77-C56D-25AB-BF975718F280}"
EndProject
Project("{FAE04EC0-301F-11D3-BF4B-00C04F79EFBC}") = "Restricted Area", "Assembly-CSharp.csproj", "{C198C5E4-F0F0-6236-AF88-37664BF546A7}"
EndProject
Project("{FAE04EC0-301F-11D3-BF4B-00C04F79EFBC}") = "Restricted Area", "Assembly-CSharp-Editor-firstpass.csproj", "{BD934B9E-987E-53B9-5485-402B9788B30A}"
EndProject
Project("{FAE04EC0-301F-11D3-BF4B-00C04F79EFBC}") = "Restricted Area", "Assembly-CSharp-Editor.csproj", "{F418DD5E-DB97-BB78-A53F-901FFAA3C581}"
EndProject
Global
	GlobalSection(SolutionConfigurationPlatforms) = preSolution
		Debug|Any CPU = Debug|Any CPU
		Release|Any CPU = Release|Any CPU
	EndGlobalSection
	GlobalSection(ProjectConfigurationPlatforms) = postSolution
		{3519544F-FC77-C56D-25AB-BF975718F280}.Debug|Any CPU.ActiveCfg = Debug|Any CPU
		{3519544F-FC77-C56D-25AB-BF975718F280}.Debug|Any CPU.Build.0 = Debug|Any CPU
		{3519544F-FC77-C56D-25AB-BF975718F280}.Release|Any CPU.ActiveCfg = Release|Any CPU
		{3519544F-FC77-C56D-25AB-BF975718F280}.Release|Any CPU.Build.0 = Release|Any CPU
		{C198C5E4-F0F0-6236-AF88-37664BF546A7}.Debug|Any CPU.ActiveCfg = Debug|Any CPU
		{C198C5E4-F0F0-6236-AF88-37664BF546A7}.Debug|Any CPU.Build.0 = Debug|Any CPU
		{C198C5E4-F0F0-6236-AF88-37664BF546A7}.Release|Any CPU.ActiveCfg = Release|Any CPU
		{C198C5E4-F0F0-6236-AF88-37664BF546A7}.Release|Any CPU.Build.0 = Release|Any CPU
		{BD934B9E-987E-53B9-5485-402B9788B30A}.Debug|Any CPU.ActiveCfg = Debug|Any CPU
		{BD934B9E-987E-53B9-5485-402B9788B30A}.Debug|Any CPU.Build.0 = Debug|Any CPU
		{BD934B9E-987E-53B9-5485-402B9788B30A}.Release|Any CPU.ActiveCfg = Release|Any CPU
		{BD934B9E-987E-53B9-5485-402B9788B30A}.Release|Any CPU.Build.0 = Release|Any CPU
		{F418DD5E-DB97-BB78-A53F-901FFAA3C581}.Debug|Any CPU.ActiveCfg = Debug|Any CPU
		{F418DD5E-DB97-BB78-A53F-901FFAA3C581}.Debug|Any CPU.Build.0 = Debug|Any CPU
		{F418DD5E-DB97-BB78-A53F-901FFAA3C581}.Release|Any CPU.ActiveCfg = Release|Any CPU
		{F418DD5E-DB97-BB78-A53F-901FFAA3C581}.Release|Any CPU.Build.0 = Release|Any CPU
	EndGlobalSection
	GlobalSection(SolutionProperties) = preSolution
		HideSolutionNode = FALSE
	EndGlobalSection
	GlobalSection(MonoDevelopProperties) = preSolution
		StartupItem = Assembly-CSharp.csproj
	EndGlobalSection
EndGlobal
